
Microsoft Visual Studio Solution File, Format Version 12.00
Project("{FAE04EC0-301F-11D3-BF4B-00C04F79EFBC}") = "Portal", "Portal\Portal.csproj", "{528F7FC3-D2FD-4B76-A364-31DB6C0A8034}"
EndProject
Project("{FAE04EC0-301F-11D3-BF4B-00C04F79EFBC}") = "Core.Domain", "Core.Domain\Core.Domain.csproj", "{66F78878-B744-42AB-8114-56B45D2F6B42}"
EndProject
Project("{FAE04EC0-301F-11D3-BF4B-00C04F79EFBC}") = "Core.DomainServices", "Core.DomainServices\Core.DomainServices.csproj", "{BE8A11E4-855B-4907-B3D6-B19469966511}"
EndProject
Project("{FAE04EC0-301F-11D3-BF4B-00C04F79EFBC}") = "SqlServer.Infrastructure", "SqlServer.Infrastructure\SqlServer.Infrastructure.csproj", "{8DEC370A-5344-4165-BCC6-D881ED37CA44}"
EndProject
Project("{FAE04EC0-301F-11D3-BF4B-00C04F79EFBC}") = "WebService", "WebService\WebService.csproj", "{F8A64E9E-781C-492D-8E9C-62F70669FE52}"
EndProject
Project("{FAE04EC0-301F-11D3-BF4B-00C04F79EFBC}") = "SqlServer.Infrastructure.Tests", "SqlServer.Infrastructure.Tests\SqlServer.Infrastructure.Tests.csproj", "{4BE90662-101D-4023-AE29-A71C652F3F8B}"
EndProject
Project("{FAE04EC0-301F-11D3-BF4B-00C04F79EFBC}") = "Core.Domain.Tests", "Core.Domain.Tests\Core.Domain.Tests.csproj", "{71F0E7DF-39DD-4F3B-8FC8-71A6E2E535E0}"
EndProject
Project("{FAE04EC0-301F-11D3-BF4B-00C04F79EFBC}") = "Core.DomainServices.Tests", "Core.DomainServices.Tests\Core.DomainServices.Tests.csproj", "{87686415-E903-496E-B4EC-0201398F7FCF}"
EndProject
Project("{FAE04EC0-301F-11D3-BF4B-00C04F79EFBC}") = "Portal.Tests", "Portal.Tests\Portal.Tests.csproj", "{F95676C6-0BEE-4CBF-B05A-EE09785BFC67}"
EndProject
Project("{FAE04EC0-301F-11D3-BF4B-00C04F79EFBC}") = "ApplicationServices", "ApplicationServices\ApplicationServices.csproj", "{79032B2C-2D43-4A1F-A5BA-A5DB2626BB58}"
EndProject
Global
	GlobalSection(SolutionConfigurationPlatforms) = preSolution
		Debug|Any CPU = Debug|Any CPU
		Release|Any CPU = Release|Any CPU
	EndGlobalSection
	GlobalSection(ProjectConfigurationPlatforms) = postSolution
		{528F7FC3-D2FD-4B76-A364-31DB6C0A8034}.Debug|Any CPU.ActiveCfg = Debug|Any CPU
		{528F7FC3-D2FD-4B76-A364-31DB6C0A8034}.Debug|Any CPU.Build.0 = Debug|Any CPU
		{528F7FC3-D2FD-4B76-A364-31DB6C0A8034}.Release|Any CPU.ActiveCfg = Release|Any CPU
		{528F7FC3-D2FD-4B76-A364-31DB6C0A8034}.Release|Any CPU.Build.0 = Release|Any CPU
		{66F78878-B744-42AB-8114-56B45D2F6B42}.Debug|Any CPU.ActiveCfg = Debug|Any CPU
		{66F78878-B744-42AB-8114-56B45D2F6B42}.Debug|Any CPU.Build.0 = Debug|Any CPU
		{66F78878-B744-42AB-8114-56B45D2F6B42}.Release|Any CPU.ActiveCfg = Release|Any CPU
		{66F78878-B744-42AB-8114-56B45D2F6B42}.Release|Any CPU.Build.0 = Release|Any CPU
		{BE8A11E4-855B-4907-B3D6-B19469966511}.Debug|Any CPU.ActiveCfg = Debug|Any CPU
		{BE8A11E4-855B-4907-B3D6-B19469966511}.Debug|Any CPU.Build.0 = Debug|Any CPU
		{BE8A11E4-855B-4907-B3D6-B19469966511}.Release|Any CPU.ActiveCfg = Release|Any CPU
		{BE8A11E4-855B-4907-B3D6-B19469966511}.Release|Any CPU.Build.0 = Release|Any CPU
		{8DEC370A-5344-4165-BCC6-D881ED37CA44}.Debug|Any CPU.ActiveCfg = Debug|Any CPU
		{8DEC370A-5344-4165-BCC6-D881ED37CA44}.Debug|Any CPU.Build.0 = Debug|Any CPU
		{8DEC370A-5344-4165-BCC6-D881ED37CA44}.Release|Any CPU.ActiveCfg = Release|Any CPU
		{8DEC370A-5344-4165-BCC6-D881ED37CA44}.Release|Any CPU.Build.0 = Release|Any CPU
		{F8A64E9E-781C-492D-8E9C-62F70669FE52}.Debug|Any CPU.ActiveCfg = Debug|Any CPU
		{F8A64E9E-781C-492D-8E9C-62F70669FE52}.Debug|Any CPU.Build.0 = Debug|Any CPU
		{F8A64E9E-781C-492D-8E9C-62F70669FE52}.Release|Any CPU.ActiveCfg = Release|Any CPU
		{F8A64E9E-781C-492D-8E9C-62F70669FE52}.Release|Any CPU.Build.0 = Release|Any CPU
		{4BE90662-101D-4023-AE29-A71C652F3F8B}.Debug|Any CPU.ActiveCfg = Debug|Any CPU
		{4BE90662-101D-4023-AE29-A71C652F3F8B}.Debug|Any CPU.Build.0 = Debug|Any CPU
		{4BE90662-101D-4023-AE29-A71C652F3F8B}.Release|Any CPU.ActiveCfg = Release|Any CPU
		{4BE90662-101D-4023-AE29-A71C652F3F8B}.Release|Any CPU.Build.0 = Release|Any CPU
		{71F0E7DF-39DD-4F3B-8FC8-71A6E2E535E0}.Debug|Any CPU.ActiveCfg = Debug|Any CPU
		{71F0E7DF-39DD-4F3B-8FC8-71A6E2E535E0}.Debug|Any CPU.Build.0 = Debug|Any CPU
		{71F0E7DF-39DD-4F3B-8FC8-71A6E2E535E0}.Release|Any CPU.ActiveCfg = Release|Any CPU
		{71F0E7DF-39DD-4F3B-8FC8-71A6E2E535E0}.Release|Any CPU.Build.0 = Release|Any CPU
		{87686415-E903-496E-B4EC-0201398F7FCF}.Debug|Any CPU.ActiveCfg = Debug|Any CPU
		{87686415-E903-496E-B4EC-0201398F7FCF}.Debug|Any CPU.Build.0 = Debug|Any CPU
		{87686415-E903-496E-B4EC-0201398F7FCF}.Release|Any CPU.ActiveCfg = Release|Any CPU
		{87686415-E903-496E-B4EC-0201398F7FCF}.Release|Any CPU.Build.0 = Release|Any CPU
		{F95676C6-0BEE-4CBF-B05A-EE09785BFC67}.Debug|Any CPU.ActiveCfg = Debug|Any CPU
		{F95676C6-0BEE-4CBF-B05A-EE09785BFC67}.Debug|Any CPU.Build.0 = Debug|Any CPU
		{F95676C6-0BEE-4CBF-B05A-EE09785BFC67}.Release|Any CPU.ActiveCfg = Release|Any CPU
		{F95676C6-0BEE-4CBF-B05A-EE09785BFC67}.Release|Any CPU.Build.0 = Release|Any CPU
		{79032B2C-2D43-4A1F-A5BA-A5DB2626BB58}.Debug|Any CPU.ActiveCfg = Debug|Any CPU
		{79032B2C-2D43-4A1F-A5BA-A5DB2626BB58}.Debug|Any CPU.Build.0 = Debug|Any CPU
		{79032B2C-2D43-4A1F-A5BA-A5DB2626BB58}.Release|Any CPU.ActiveCfg = Release|Any CPU
		{79032B2C-2D43-4A1F-A5BA-A5DB2626BB58}.Release|Any CPU.Build.0 = Release|Any CPU
	EndGlobalSection
EndGlobal
